
Microsoft Visual Studio Solution File, Format Version 12.00
# Visual Studio Version 16
VisualStudioVersion = 16.0.29613.14
MinimumVisualStudioVersion = 10.0.40219.1
Project("{FAE04EC0-301F-11D3-BF4B-00C04F79EFBC}") = "RestApiClient", "RestApiClient\RestApiClient.csproj", "{92C8AEBB-A110-45EB-AB8C-BC632B63CC14}"
EndProject
Project("{FAE04EC0-301F-11D3-BF4B-00C04F79EFBC}") = "RestApiClient.NetCore", "RestApiClient.NetCore\RestApiClient.NetCore.csproj", "{922268C7-F9F4-49E8-A0D5-0956532B7A61}"
EndProject
Project("{9A19103F-16F7-4668-BE54-9A1E7A4F7556}") = "RestApiClient.NetStandard", "RestApiClient.NetStandard\RestApiClient.NetStandard.csproj", "{39E94F52-F1AC-48F8-9B66-083D7A36E686}"
EndProject
Project("{9A19103F-16F7-4668-BE54-9A1E7A4F7556}") = "RestApiClient.NetStandardTests", "RestApiClient.NetStandardTests\RestApiClient.NetStandardTests.csproj", "{B3125311-B910-4543-B22F-894D880718B6}"
EndProject
Global
	GlobalSection(SolutionConfigurationPlatforms) = preSolution
		Debug|Any CPU = Debug|Any CPU
		Release|Any CPU = Release|Any CPU
	EndGlobalSection
	GlobalSection(ProjectConfigurationPlatforms) = postSolution
		{92C8AEBB-A110-45EB-AB8C-BC632B63CC14}.Debug|Any CPU.ActiveCfg = Debug|Any CPU
		{92C8AEBB-A110-45EB-AB8C-BC632B63CC14}.Debug|Any CPU.Build.0 = Debug|Any CPU
		{92C8AEBB-A110-45EB-AB8C-BC632B63CC14}.Release|Any CPU.ActiveCfg = Release|Any CPU
		{92C8AEBB-A110-45EB-AB8C-BC632B63CC14}.Release|Any CPU.Build.0 = Release|Any CPU
		{922268C7-F9F4-49E8-A0D5-0956532B7A61}.Debug|Any CPU.ActiveCfg = Debug|Any CPU
		{922268C7-F9F4-49E8-A0D5-0956532B7A61}.Debug|Any CPU.Build.0 = Debug|Any CPU
		{922268C7-F9F4-49E8-A0D5-0956532B7A61}.Release|Any CPU.ActiveCfg = Release|Any CPU
		{922268C7-F9F4-49E8-A0D5-0956532B7A61}.Release|Any CPU.Build.0 = Release|Any CPU
		{39E94F52-F1AC-48F8-9B66-083D7A36E686}.Debug|Any CPU.ActiveCfg = Debug|Any CPU
		{39E94F52-F1AC-48F8-9B66-083D7A36E686}.Debug|Any CPU.Build.0 = Debug|Any CPU
		{39E94F52-F1AC-48F8-9B66-083D7A36E686}.Release|Any CPU.ActiveCfg = Release|Any CPU
		{39E94F52-F1AC-48F8-9B66-083D7A36E686}.Release|Any CPU.Build.0 = Release|Any CPU
		{B3125311-B910-4543-B22F-894D880718B6}.Debug|Any CPU.ActiveCfg = Debug|Any CPU
		{B3125311-B910-4543-B22F-894D880718B6}.Debug|Any CPU.Build.0 = Debug|Any CPU
		{B3125311-B910-4543-B22F-894D880718B6}.Release|Any CPU.ActiveCfg = Release|Any CPU
		{B3125311-B910-4543-B22F-894D880718B6}.Release|Any CPU.Build.0 = Release|Any CPU
	EndGlobalSection
	GlobalSection(SolutionProperties) = preSolution
		HideSolutionNode = FALSE
	EndGlobalSection
	GlobalSection(ExtensibilityGlobals) = postSolution
		BuildVersion_UseGlobalSettings = True
		BuildVersion_StartDate = 2000/1/1
		SolutionGuid = {05AD2900-851E-4A61-A1F5-94CD248510ED}
	EndGlobalSection
EndGlobal
